
Microsoft Visual Studio Solution File, Format Version 12.00
# Visual Studio Version 17
VisualStudioVersion = 17.7.34221.43
MinimumVisualStudioVersion = 10.0.40219.1
Project("{FAE04EC0-301F-11D3-BF4B-00C04F79EFBC}") = "HandMPRSystem", "HandMPRSystem\HandMPRSystem.csproj", "{58162616-6084-4127-8EBF-E62101C903A8}"
EndProject
Global
	GlobalSection(SolutionConfigurationPlatforms) = preSolution
		Debug|Any CPU = Debug|Any CPU
		Release|Any CPU = Release|Any CPU
	EndGlobalSection
	GlobalSection(ProjectConfigurationPlatforms) = postSolution
		{58162616-6084-4127-8EBF-E62101C903A8}.Debug|Any CPU.ActiveCfg = Debug|Any CPU
		{58162616-6084-4127-8EBF-E62101C903A8}.Debug|Any CPU.Build.0 = Debug|Any CPU
		{58162616-6084-4127-8EBF-E62101C903A8}.Release|Any CPU.ActiveCfg = Release|Any CPU
		{58162616-6084-4127-8EBF-E62101C903A8}.Release|Any CPU.Build.0 = Release|Any CPU
	EndGlobalSection
	GlobalSection(SolutionProperties) = preSolution
		HideSolutionNode = FALSE
	EndGlobalSection
	GlobalSection(ExtensibilityGlobals) = postSolution
		SolutionGuid = {7CCC2742-29CF-4308-9AD0-039E8768D07E}
	EndGlobalSection
EndGlobal
